// !$*UTF8*$!
{
	archiveVersion = 1;
	classes = {
	};
	objectVersion = 48;
	objects = {

/* Begin PBXBuildFile section */
		376CF3611F798F20008FFA4D /* AppDelegate.swift in Sources */ = {isa = PBXBuildFile; fileRef = 376CF3601F798F20008FFA4D /* AppDelegate.swift */; };
		376CF3661F798F20008FFA4D /* Main.storyboard in Resources */ = {isa = PBXBuildFile; fileRef = 376CF3641F798F20008FFA4D /* Main.storyboard */; };
		376CF3681F798F20008FFA4D /* Assets.xcassets in Resources */ = {isa = PBXBuildFile; fileRef = 376CF3671F798F20008FFA4D /* Assets.xcassets */; };
		376CF36B1F798F20008FFA4D /* LaunchScreen.storyboard in Resources */ = {isa = PBXBuildFile; fileRef = 376CF3691F798F20008FFA4D /* LaunchScreen.storyboard */; };
		376CF3771F79E9A9008FFA4D /* TwitterClient.swift in Sources */ = {isa = PBXBuildFile; fileRef = 376CF3761F79E9A9008FFA4D /* TwitterClient.swift */; };
		376CF37A1F7B500E008FFA4D /* User.swift in Sources */ = {isa = PBXBuildFile; fileRef = 376CF3791F7B500E008FFA4D /* User.swift */; };
		376CF37C1F7B501B008FFA4D /* Tweet.swift in Sources */ = {isa = PBXBuildFile; fileRef = 376CF37B1F7B501B008FFA4D /* Tweet.swift */; };
		37B2F10E1F7F66C900135EDC /* LoginViewController.swift in Sources */ = {isa = PBXBuildFile; fileRef = 37B2F10D1F7F66C900135EDC /* LoginViewController.swift */; };
		37B2F1101F7F769200135EDC /* TweetsViewController.swift in Sources */ = {isa = PBXBuildFile; fileRef = 37B2F10F1F7F769200135EDC /* TweetsViewController.swift */; };
		37B2F1131F80103100135EDC /* TweetCell.swift in Sources */ = {isa = PBXBuildFile; fileRef = 37B2F1121F80103100135EDC /* TweetCell.swift */; };
		37B2F1151F80302300135EDC /* DetailViewController.swift in Sources */ = {isa = PBXBuildFile; fileRef = 37B2F1141F80302300135EDC /* DetailViewController.swift */; };
		37B2F1171F80303500135EDC /* ComposeTweetViewController.swift in Sources */ = {isa = PBXBuildFile; fileRef = 37B2F1161F80303500135EDC /* ComposeTweetViewController.swift */; };
		8E0074F3FE338C1D04D1EFE8 /* Pods_twitter_client.framework in Frameworks */ = {isa = PBXBuildFile; fileRef = CEA58D162C44C5FD86E939EC /* Pods_twitter_client.framework */; };
/* End PBXBuildFile section */

/* Begin PBXFileReference section */
		376CF35D1F798F20008FFA4D /* twitter-client.app */ = {isa = PBXFileReference; explicitFileType = wrapper.application; includeInIndex = 0; path = "twitter-client.app"; sourceTree = BUILT_PRODUCTS_DIR; };
		376CF3601F798F20008FFA4D /* AppDelegate.swift */ = {isa = PBXFileReference; lastKnownFileType = sourcecode.swift; path = AppDelegate.swift; sourceTree = "<group>"; };
		376CF3651F798F20008FFA4D /* Base */ = {isa = PBXFileReference; lastKnownFileType = file.storyboard; name = Base; path = Base.lproj/Main.storyboard; sourceTree = "<group>"; };
		376CF3671F798F20008FFA4D /* Assets.xcassets */ = {isa = PBXFileReference; lastKnownFileType = folder.assetcatalog; path = Assets.xcassets; sourceTree = "<group>"; };
		376CF36A1F798F20008FFA4D /* Base */ = {isa = PBXFileReference; lastKnownFileType = file.storyboard; name = Base; path = Base.lproj/LaunchScreen.storyboard; sourceTree = "<group>"; };
		376CF36C1F798F20008FFA4D /* Info.plist */ = {isa = PBXFileReference; lastKnownFileType = text.plist.xml; path = Info.plist; sourceTree = "<group>"; };
		376CF3761F79E9A9008FFA4D /* TwitterClient.swift */ = {isa = PBXFileReference; lastKnownFileType = sourcecode.swift; path = TwitterClient.swift; sourceTree = "<group>"; };
		376CF3791F7B500E008FFA4D /* User.swift */ = {isa = PBXFileReference; lastKnownFileType = sourcecode.swift; path = User.swift; sourceTree = "<group>"; };
		376CF37B1F7B501B008FFA4D /* Tweet.swift */ = {isa = PBXFileReference; lastKnownFileType = sourcecode.swift; path = Tweet.swift; sourceTree = "<group>"; };
		37B2F10D1F7F66C900135EDC /* LoginViewController.swift */ = {isa = PBXFileReference; lastKnownFileType = sourcecode.swift; path = LoginViewController.swift; sourceTree = "<group>"; };
		37B2F10F1F7F769200135EDC /* TweetsViewController.swift */ = {isa = PBXFileReference; lastKnownFileType = sourcecode.swift; path = TweetsViewController.swift; sourceTree = "<group>"; };
		37B2F1121F80103100135EDC /* TweetCell.swift */ = {isa = PBXFileReference; lastKnownFileType = sourcecode.swift; path = TweetCell.swift; sourceTree = "<group>"; };
		37B2F1141F80302300135EDC /* DetailViewController.swift */ = {isa = PBXFileReference; lastKnownFileType = sourcecode.swift; path = DetailViewController.swift; sourceTree = "<group>"; };
		37B2F1161F80303500135EDC /* ComposeTweetViewController.swift */ = {isa = PBXFileReference; lastKnownFileType = sourcecode.swift; path = ComposeTweetViewController.swift; sourceTree = "<group>"; };
		81A77BB93A1084D00571796D /* Pods-twitter-client.debug.xcconfig */ = {isa = PBXFileReference; includeInIndex = 1; lastKnownFileType = text.xcconfig; name = "Pods-twitter-client.debug.xcconfig"; path = "Pods/Target Support Files/Pods-twitter-client/Pods-twitter-client.debug.xcconfig"; sourceTree = "<group>"; };
		BB35E81EDBA6F05CDF8BA4A6 /* Pods-twitter-client.release.xcconfig */ = {isa = PBXFileReference; includeInIndex = 1; lastKnownFileType = text.xcconfig; name = "Pods-twitter-client.release.xcconfig"; path = "Pods/Target Support Files/Pods-twitter-client/Pods-twitter-client.release.xcconfig"; sourceTree = "<group>"; };
		CEA58D162C44C5FD86E939EC /* Pods_twitter_client.framework */ = {isa = PBXFileReference; explicitFileType = wrapper.framework; includeInIndex = 0; path = Pods_twitter_client.framework; sourceTree = BUILT_PRODUCTS_DIR; };
/* End PBXFileReference section */

/* Begin PBXFrameworksBuildPhase section */
		376CF35A1F798F20008FFA4D /* Frameworks */ = {
			isa = PBXFrameworksBuildPhase;
			buildActionMask = 2147483647;
			files = (
				8E0074F3FE338C1D04D1EFE8 /* Pods_twitter_client.framework in Frameworks */,
			);
			runOnlyForDeploymentPostprocessing = 0;
		};
/* End PBXFrameworksBuildPhase section */

/* Begin PBXGroup section */
		376CF3541F798F20008FFA4D = {
			isa = PBXGroup;
			children = (
				376CF35F1F798F20008FFA4D /* twitter-client */,
				376CF35E1F798F20008FFA4D /* Products */,
				ADF58313113541B6163CBB1E /* Pods */,
				9ADE65D0D32ABDF69F114FE7 /* Frameworks */,
			);
			sourceTree = "<group>";
		};
		376CF35E1F798F20008FFA4D /* Products */ = {
			isa = PBXGroup;
			children = (
				376CF35D1F798F20008FFA4D /* twitter-client.app */,
			);
			name = Products;
			sourceTree = "<group>";
		};
		376CF35F1F798F20008FFA4D /* twitter-client */ = {
			isa = PBXGroup;
			children = (
				37B2F1111F80101700135EDC /* Cells */,
				37B2F10C1F7F66B300135EDC /* View Controllers */,
				376CF3781F7B4FE5008FFA4D /* Models */,
				376CF3751F79E8A8008FFA4D /* API */,
				376CF3601F798F20008FFA4D /* AppDelegate.swift */,
				376CF3641F798F20008FFA4D /* Main.storyboard */,
				376CF3671F798F20008FFA4D /* Assets.xcassets */,
				376CF3691F798F20008FFA4D /* LaunchScreen.storyboard */,
				376CF36C1F798F20008FFA4D /* Info.plist */,
			);
			path = "twitter-client";
			sourceTree = "<group>";
		};
		376CF3751F79E8A8008FFA4D /* API */ = {
			isa = PBXGroup;
			children = (
				376CF3761F79E9A9008FFA4D /* TwitterClient.swift */,
			);
			path = API;
			sourceTree = "<group>";
		};
		376CF3781F7B4FE5008FFA4D /* Models */ = {
			isa = PBXGroup;
			children = (
				376CF3791F7B500E008FFA4D /* User.swift */,
				376CF37B1F7B501B008FFA4D /* Tweet.swift */,
			);
			path = Models;
			sourceTree = "<group>";
		};
		37B2F10C1F7F66B300135EDC /* View Controllers */ = {
			isa = PBXGroup;
			children = (
				37B2F10D1F7F66C900135EDC /* LoginViewController.swift */,
				37B2F10F1F7F769200135EDC /* TweetsViewController.swift */,
				37B2F1141F80302300135EDC /* DetailViewController.swift */,
				37B2F1161F80303500135EDC /* ComposeTweetViewController.swift */,
			);
			path = "View Controllers";
			sourceTree = "<group>";
		};
		37B2F1111F80101700135EDC /* Cells */ = {
			isa = PBXGroup;
			children = (
				37B2F1121F80103100135EDC /* TweetCell.swift */,
			);
			path = Cells;
			sourceTree = "<group>";
		};
		9ADE65D0D32ABDF69F114FE7 /* Frameworks */ = {
			isa = PBXGroup;
			children = (
				CEA58D162C44C5FD86E939EC /* Pods_twitter_client.framework */,
			);
			name = Frameworks;
			sourceTree = "<group>";
		};
		ADF58313113541B6163CBB1E /* Pods */ = {
			isa = PBXGroup;
			children = (
				81A77BB93A1084D00571796D /* Pods-twitter-client.debug.xcconfig */,
				BB35E81EDBA6F05CDF8BA4A6 /* Pods-twitter-client.release.xcconfig */,
			);
			name = Pods;
			sourceTree = "<group>";
		};
/* End PBXGroup section */

/* Begin PBXNativeTarget section */
		376CF35C1F798F20008FFA4D /* twitter-client */ = {
			isa = PBXNativeTarget;
			buildConfigurationList = 376CF36F1F798F20008FFA4D /* Build configuration list for PBXNativeTarget "twitter-client" */;
			buildPhases = (
				A8DB2DCE01712DBFB9CABD5D /* [CP] Check Pods Manifest.lock */,
				376CF3591F798F20008FFA4D /* Sources */,
				376CF35A1F798F20008FFA4D /* Frameworks */,
				376CF35B1F798F20008FFA4D /* Resources */,
				48611A1111A908D8498D236C /* [CP] Embed Pods Frameworks */,
				DE03CA614C2BB82852D9DC8D /* [CP] Copy Pods Resources */,
			);
			buildRules = (
			);
			dependencies = (
			);
			name = "twitter-client";
			productName = "twitter-client";
			productReference = 376CF35D1F798F20008FFA4D /* twitter-client.app */;
			productType = "com.apple.product-type.application";
		};
/* End PBXNativeTarget section */

/* Begin PBXProject section */
		376CF3551F798F20008FFA4D /* Project object */ = {
			isa = PBXProject;
			attributes = {
				LastSwiftUpdateCheck = 0900;
				LastUpgradeCheck = 0900;
				ORGANIZATIONNAME = "Paul Sokolik";
				TargetAttributes = {
					376CF35C1F798F20008FFA4D = {
						CreatedOnToolsVersion = 9.0;
						LastSwiftMigration = 0900;
						ProvisioningStyle = Automatic;
					};
				};
			};
			buildConfigurationList = 376CF3581F798F20008FFA4D /* Build configuration list for PBXProject "twitter-client" */;
			compatibilityVersion = "Xcode 8.0";
			developmentRegion = en;
			hasScannedForEncodings = 0;
			knownRegions = (
				en,
				Base,
			);
			mainGroup = 376CF3541F798F20008FFA4D;
			productRefGroup = 376CF35E1F798F20008FFA4D /* Products */;
			projectDirPath = "";
			projectRoot = "";
			targets = (
				376CF35C1F798F20008FFA4D /* twitter-client */,
			);
		};
/* End PBXProject section */

/* Begin PBXResourcesBuildPhase section */
		376CF35B1F798F20008FFA4D /* Resources */ = {
			isa = PBXResourcesBuildPhase;
			buildActionMask = 2147483647;
			files = (
				376CF36B1F798F20008FFA4D /* LaunchScreen.storyboard in Resources */,
				376CF3681F798F20008FFA4D /* Assets.xcassets in Resources */,
				376CF3661F798F20008FFA4D /* Main.storyboard in Resources */,
			);
			runOnlyForDeploymentPostprocessing = 0;
		};
/* End PBXResourcesBuildPhase section */

/* Begin PBXShellScriptBuildPhase section */
		48611A1111A908D8498D236C /* [CP] Embed Pods Frameworks */ = {
			isa = PBXShellScriptBuildPhase;
			buildActionMask = 2147483647;
			files = (
			);
			inputPaths = (
				"${SRCROOT}/Pods/Target Support Files/Pods-twitter-client/Pods-twitter-client-frameworks.sh",
				"${BUILT_PRODUCTS_DIR}/AFNetworking/AFNetworking.framework",
				"${BUILT_PRODUCTS_DIR}/BDBOAuth1Manager/BDBOAuth1Manager.framework",
				"${BUILT_PRODUCTS_DIR}/NSDateMinimalTimeAgo/NSDateMinimalTimeAgo.framework",
			);
			name = "[CP] Embed Pods Frameworks";
			outputPaths = (
				"${TARGET_BUILD_DIR}/${FRAMEWORKS_FOLDER_PATH}/AFNetworking.framework",
				"${TARGET_BUILD_DIR}/${FRAMEWORKS_FOLDER_PATH}/BDBOAuth1Manager.framework",
				"${TARGET_BUILD_DIR}/${FRAMEWORKS_FOLDER_PATH}/NSDateMinimalTimeAgo.framework",
			);
			runOnlyForDeploymentPostprocessing = 0;
			shellPath = /bin/sh;
			shellScript = "\"${SRCROOT}/Pods/Target Support Files/Pods-twitter-client/Pods-twitter-client-frameworks.sh\"\n";
			showEnvVarsInLog = 0;
		};
		A8DB2DCE01712DBFB9CABD5D /* [CP] Check Pods Manifest.lock */ = {
			isa = PBXShellScriptBuildPhase;
			buildActionMask = 2147483647;
			files = (
			);
			inputPaths = (
				"${PODS_PODFILE_DIR_PATH}/Podfile.lock",
				"${PODS_ROOT}/Manifest.lock",
			);
			name = "[CP] Check Pods Manifest.lock";
			outputPaths = (
				"$(DERIVED_FILE_DIR)/Pods-twitter-client-checkManifestLockResult.txt",
			);
			runOnlyForDeploymentPostprocessing = 0;
			shellPath = /bin/sh;
			shellScript = "diff \"${PODS_PODFILE_DIR_PATH}/Podfile.lock\" \"${PODS_ROOT}/Manifest.lock\" > /dev/null\nif [ $? != 0 ] ; then\n    # print error to STDERR\n    echo \"error: The sandbox is not in sync with the Podfile.lock. Run 'pod install' or update your CocoaPods installation.\" >&2\n    exit 1\nfi\n# This output is used by Xcode 'outputs' to avoid re-running this script phase.\necho \"SUCCESS\" > \"${SCRIPT_OUTPUT_FILE_0}\"\n";
			showEnvVarsInLog = 0;
		};
		DE03CA614C2BB82852D9DC8D /* [CP] Copy Pods Resources */ = {
			isa = PBXShellScriptBuildPhase;
			buildActionMask = 2147483647;
			files = (
			);
			inputPaths = (
			);
			name = "[CP] Copy Pods Resources";
			outputPaths = (
			);
			runOnlyForDeploymentPostprocessing = 0;
			shellPath = /bin/sh;
			shellScript = "\"${SRCROOT}/Pods/Target Support Files/Pods-twitter-client/Pods-twitter-client-resources.sh\"\n";
			showEnvVarsInLog = 0;
		};
/* End PBXShellScriptBuildPhase section */

/* Begin PBXSourcesBuildPhase section */
		376CF3591F798F20008FFA4D /* Sources */ = {
			isa = PBXSourcesBuildPhase;
			buildActionMask = 2147483647;
			files = (
				37B2F1171F80303500135EDC /* ComposeTweetViewController.swift in Sources */,
				376CF37A1F7B500E008FFA4D /* User.swift in Sources */,
				37B2F1131F80103100135EDC /* TweetCell.swift in Sources */,
				376CF37C1F7B501B008FFA4D /* Tweet.swift in Sources */,
				37B2F1101F7F769200135EDC /* TweetsViewController.swift in Sources */,
				376CF3771F79E9A9008FFA4D /* TwitterClient.swift in Sources */,
				37B2F10E1F7F66C900135EDC /* LoginViewController.swift in Sources */,
				376CF3611F798F20008FFA4D /* AppDelegate.swift in Sources */,
				37B2F1151F80302300135EDC /* DetailViewController.swift in Sources */,
			);
			runOnlyForDeploymentPostprocessing = 0;
		};
/* End PBXSourcesBuildPhase section */

/* Begin PBXVariantGroup section */
		376CF3641F798F20008FFA4D /* Main.storyboard */ = {
			isa = PBXVariantGroup;
			children = (
				376CF3651F798F20008FFA4D /* Base */,
			);
			name = Main.storyboard;
			sourceTree = "<group>";
		};
		376CF3691F798F20008FFA4D /* LaunchScreen.storyboard */ = {
			isa = PBXVariantGroup;
			children = (
				376CF36A1F798F20008FFA4D /* Base */,
			);
			name = LaunchScreen.storyboard;
			sourceTree = "<group>";
		};
/* End PBXVariantGroup section */

/* Begin XCBuildConfiguration section */
		376CF36D1F798F20008FFA4D /* Debug */ = {
			isa = XCBuildConfiguration;
			buildSettings = {
				ALWAYS_SEARCH_USER_PATHS = NO;
				CLANG_ANALYZER_NONNULL = YES;
				CLANG_ANALYZER_NUMBER_OBJECT_CONVERSION = YES_AGGRESSIVE;
				CLANG_CXX_LANGUAGE_STANDARD = "gnu++14";
				CLANG_CXX_LIBRARY = "libc++";
				CLANG_ENABLE_MODULES = YES;
				CLANG_ENABLE_OBJC_ARC = YES;
				CLANG_WARN_BLOCK_CAPTURE_AUTORELEASING = YES;
				CLANG_WARN_BOOL_CONVERSION = YES;
				CLANG_WARN_COMMA = YES;
				CLANG_WARN_CONSTANT_CONVERSION = YES;
				CLANG_WARN_DIRECT_OBJC_ISA_USAGE = YES_ERROR;
				CLANG_WARN_DOCUMENTATION_COMMENTS = YES;
				CLANG_WARN_EMPTY_BODY = YES;
				CLANG_WARN_ENUM_CONVERSION = YES;
				CLANG_WARN_INFINITE_RECURSION = YES;
				CLANG_WARN_INT_CONVERSION = YES;
				CLANG_WARN_NON_LITERAL_NULL_CONVERSION = YES;
				CLANG_WARN_OBJC_LITERAL_CONVERSION = YES;
				CLANG_WARN_OBJC_ROOT_CLASS = YES_ERROR;
				CLANG_WARN_RANGE_LOOP_ANALYSIS = YES;
				CLANG_WARN_STRICT_PROTOTYPES = YES;
				CLANG_WARN_SUSPICIOUS_MOVE = YES;
				CLANG_WARN_UNGUARDED_AVAILABILITY = YES_AGGRESSIVE;
				CLANG_WARN_UNREACHABLE_CODE = YES;
				CLANG_WARN__DUPLICATE_METHOD_MATCH = YES;
				CODE_SIGN_IDENTITY = "iPhone Developer";
				COPY_PHASE_STRIP = NO;
				DEBUG_INFORMATION_FORMAT = dwarf;
				ENABLE_STRICT_OBJC_MSGSEND = YES;
				ENABLE_TESTABILITY = YES;
				GCC_C_LANGUAGE_STANDARD = gnu11;
				GCC_DYNAMIC_NO_PIC = NO;
				GCC_NO_COMMON_BLOCKS = YES;
				GCC_OPTIMIZATION_LEVEL = 0;
				GCC_PREPROCESSOR_DEFINITIONS = (
					"DEBUG=1",
					"$(inherited)",
				);
				GCC_WARN_64_TO_32_BIT_CONVERSION = YES;
				GCC_WARN_ABOUT_RETURN_TYPE = YES_ERROR;
				GCC_WARN_UNDECLARED_SELECTOR = YES;
				GCC_WARN_UNINITIALIZED_AUTOS = YES_AGGRESSIVE;
				GCC_WARN_UNUSED_FUNCTION = YES;
				GCC_WARN_UNUSED_VARIABLE = YES;
				IPHONEOS_DEPLOYMENT_TARGET = 11.0;
				MTL_ENABLE_DEBUG_INFO = YES;
				ONLY_ACTIVE_ARCH = YES;
				SDKROOT = iphoneos;
				SWIFT_ACTIVE_COMPILATION_CONDITIONS = DEBUG;
				SWIFT_OPTIMIZATION_LEVEL = "-Onone";
			};
			name = Debug;
		};
		376CF36E1F798F20008FFA4D /* Release */ = {
			isa = XCBuildConfiguration;
			buildSettings = {
				ALWAYS_SEARCH_USER_PATHS = NO;
				CLANG_ANALYZER_NONNULL = YES;
				CLANG_ANALYZER_NUMBER_OBJECT_CONVERSION = YES_AGGRESSIVE;
				CLANG_CXX_LANGUAGE_STANDARD = "gnu++14";
				CLANG_CXX_LIBRARY = "libc++";
				CLANG_ENABLE_MODULES = YES;
				CLANG_ENABLE_OBJC_ARC = YES;
				CLANG_WARN_BLOCK_CAPTURE_AUTORELEASING = YES;
				CLANG_WARN_BOOL_CONVERSION = YES;
				CLANG_WARN_COMMA = YES;
				CLANG_WARN_CONSTANT_CONVERSION = YES;
				CLANG_WARN_DIRECT_OBJC_ISA_USAGE = YES_ERROR;
				CLANG_WARN_DOCUMENTATION_COMMENTS = YES;
				CLANG_WARN_EMPTY_BODY = YES;
				CLANG_WARN_ENUM_CONVERSION = YES;
				CLANG_WARN_INFINITE_RECURSION = YES;
				CLANG_WARN_INT_CONVERSION = YES;
				CLANG_WARN_NON_LITERAL_NULL_CONVERSION = YES;
				CLANG_WARN_OBJC_LITERAL_CONVERSION = YES;
				CLANG_WARN_OBJC_ROOT_CLASS = YES_ERROR;
				CLANG_WARN_RANGE_LOOP_ANALYSIS = YES;
				CLANG_WARN_STRICT_PROTOTYPES = YES;
				CLANG_WARN_SUSPICIOUS_MOVE = YES;
				CLANG_WARN_UNGUARDED_AVAILABILITY = YES_AGGRESSIVE;
				CLANG_WARN_UNREACHABLE_CODE = YES;
				CLANG_WARN__DUPLICATE_METHOD_MATCH = YES;
				CODE_SIGN_IDENTITY = "iPhone Developer";
				COPY_PHASE_STRIP = NO;
				DEBUG_INFORMATION_FORMAT = "dwarf-with-dsym";
				ENABLE_NS_ASSERTIONS = NO;
				ENABLE_STRICT_OBJC_MSGSEND = YES;
				GCC_C_LANGUAGE_STANDARD = gnu11;
				GCC_NO_COMMON_BLOCKS = YES;
				GCC_WARN_64_TO_32_BIT_CONVERSION = YES;
				GCC_WARN_ABOUT_RETURN_TYPE = YES_ERROR;
				GCC_WARN_UNDECLARED_SELECTOR = YES;
				GCC_WARN_UNINITIALIZED_AUTOS = YES_AGGRESSIVE;
				GCC_WARN_UNUSED_FUNCTION = YES;
				GCC_WARN_UNUSED_VARIABLE = YES;
				IPHONEOS_DEPLOYMENT_TARGET = 11.0;
				MTL_ENABLE_DEBUG_INFO = NO;
				SDKROOT = iphoneos;
				SWIFT_OPTIMIZATION_LEVEL = "-Owholemodule";
				VALIDATE_PRODUCT = YES;
			};
			name = Release;
		};
		376CF3701F798F20008FFA4D /* Debug */ = {
			isa = XCBuildConfiguration;
			baseConfigurationReference = 81A77BB93A1084D00571796D /* Pods-twitter-client.debug.xcconfig */;
			buildSettings = {
				ASSETCATALOG_COMPILER_APPICON_NAME = AppIcon;
				CLANG_ENABLE_MODULES = YES;
				CODE_SIGN_STYLE = Automatic;
				INFOPLIST_FILE = "twitter-client/Info.plist";
				LD_RUNPATH_SEARCH_PATHS = "$(inherited) @executable_path/Frameworks";
				PRODUCT_BUNDLE_IDENTIFIER = "Paul-Sokolik.twitter-client";
				PRODUCT_NAME = "$(TARGET_NAME)";
				SWIFT_OPTIMIZATION_LEVEL = "-Onone";
				SWIFT_VERSION = 4.0;
				TARGETED_DEVICE_FAMILY = "1,2";
			};
			name = Debug;
		};
		376CF3711F798F20008FFA4D /* Release */ = {
			isa = XCBuildConfiguration;
			baseConfigurationReference = BB35E81EDBA6F05CDF8BA4A6 /* Pods-twitter-client.release.xcconfig */;
			buildSettings = {
				ASSETCATALOG_COMPILER_APPICON_NAME = AppIcon;
				CLANG_ENABLE_MODULES = YES;
				CODE_SIGN_STYLE = Automatic;
				INFOPLIST_FILE = "twitter-client/Info.plist";
				LD_RUNPATH_SEARCH_PATHS = "$(inherited) @executable_path/Frameworks";
				PRODUCT_BUNDLE_IDENTIFIER = "Paul-Sokolik.twitter-client";
				PRODUCT_NAME = "$(TARGET_NAME)";
				SWIFT_VERSION = 4.0;
				TARGETED_DEVICE_FAMILY = "1,2";
			};
			name = Release;
		};
/* End XCBuildConfiguration section */

/* Begin XCConfigurationList section */
		376CF3581F798F20008FFA4D /* Build configuration list for PBXProject "twitter-client" */ = {
			isa = XCConfigurationList;
			buildConfigurations = (
				376CF36D1F798F20008FFA4D /* Debug */,
				376CF36E1F798F20008FFA4D /* Release */,
			);
			defaultConfigurationIsVisible = 0;
			defaultConfigurationName = Release;
		};
		376CF36F1F798F20008FFA4D /* Build configuration list for PBXNativeTarget "twitter-client" */ = {
			isa = XCConfigurationList;
			buildConfigurations = (
				376CF3701F798F20008FFA4D /* Debug */,
				376CF3711F798F20008FFA4D /* Release */,
			);
			defaultConfigurationIsVisible = 0;
			defaultConfigurationName = Release;
		};
/* End XCConfigurationList section */
	};
	rootObject = 376CF3551F798F20008FFA4D /* Project object */;
}
